
Microsoft Visual Studio Solution File, Format Version 12.00
# Visual Studio Version 17
VisualStudioVersion = 17.0.31903.59
MinimumVisualStudioVersion = 10.0.40219.1
Project("{FAE04EC0-301F-11D3-BF4B-00C04F79EFBC}") = "Aspen.Application.Api", "Aspen.Application.Api\Aspen.Application.Api.csproj", "{9101BE8E-AF70-4EFB-A4FD-6CE915DDD02C}"
EndProject
Project("{FAE04EC0-301F-11D3-BF4B-00C04F79EFBC}") = "Aspen.Data.Database", "Aspen.Data.Database\Aspen.Data.Database.csproj", "{2591DC09-FBBF-4D20-8F66-E2AB7ADFEB13}"
EndProject
Project("{FAE04EC0-301F-11D3-BF4B-00C04F79EFBC}") = "Aspen.Configuration", "Aspen.Configuration\Aspen.Configuration.csproj", "{CAB33D09-A767-49E2-8C93-D8A5C0FD2C9C}"
EndProject
Project("{FAE04EC0-301F-11D3-BF4B-00C04F79EFBC}") = "Aspen.Data.ClientQueries", "Aspen.Data.ClientQueries\Aspen.Data.ClientQueries.csproj", "{83332F53-A15E-47F5-A22D-FDA26CFB677C}"
EndProject
Global
	GlobalSection(SolutionConfigurationPlatforms) = preSolution
		Debug|Any CPU = Debug|Any CPU
		Release|Any CPU = Release|Any CPU
	EndGlobalSection
	GlobalSection(SolutionProperties) = preSolution
		HideSolutionNode = FALSE
	EndGlobalSection
	GlobalSection(ProjectConfigurationPlatforms) = postSolution
		{9101BE8E-AF70-4EFB-A4FD-6CE915DDD02C}.Debug|Any CPU.ActiveCfg = Debug|Any CPU
		{9101BE8E-AF70-4EFB-A4FD-6CE915DDD02C}.Debug|Any CPU.Build.0 = Debug|Any CPU
		{9101BE8E-AF70-4EFB-A4FD-6CE915DDD02C}.Release|Any CPU.ActiveCfg = Release|Any CPU
		{9101BE8E-AF70-4EFB-A4FD-6CE915DDD02C}.Release|Any CPU.Build.0 = Release|Any CPU
		{2591DC09-FBBF-4D20-8F66-E2AB7ADFEB13}.Debug|Any CPU.ActiveCfg = Debug|Any CPU
		{2591DC09-FBBF-4D20-8F66-E2AB7ADFEB13}.Debug|Any CPU.Build.0 = Debug|Any CPU
		{2591DC09-FBBF-4D20-8F66-E2AB7ADFEB13}.Release|Any CPU.ActiveCfg = Release|Any CPU
		{2591DC09-FBBF-4D20-8F66-E2AB7ADFEB13}.Release|Any CPU.Build.0 = Release|Any CPU
		{CAB33D09-A767-49E2-8C93-D8A5C0FD2C9C}.Debug|Any CPU.ActiveCfg = Debug|Any CPU
		{CAB33D09-A767-49E2-8C93-D8A5C0FD2C9C}.Debug|Any CPU.Build.0 = Debug|Any CPU
		{CAB33D09-A767-49E2-8C93-D8A5C0FD2C9C}.Release|Any CPU.ActiveCfg = Release|Any CPU
		{CAB33D09-A767-49E2-8C93-D8A5C0FD2C9C}.Release|Any CPU.Build.0 = Release|Any CPU
		{83332F53-A15E-47F5-A22D-FDA26CFB677C}.Debug|Any CPU.ActiveCfg = Debug|Any CPU
		{83332F53-A15E-47F5-A22D-FDA26CFB677C}.Debug|Any CPU.Build.0 = Debug|Any CPU
		{83332F53-A15E-47F5-A22D-FDA26CFB677C}.Release|Any CPU.ActiveCfg = Release|Any CPU
		{83332F53-A15E-47F5-A22D-FDA26CFB677C}.Release|Any CPU.Build.0 = Release|Any CPU
	EndGlobalSection
EndGlobal
